
Microsoft Visual Studio Solution File, Format Version 12.00
# Visual Studio 15
VisualStudioVersion = 15.0.27428.2015
MinimumVisualStudioVersion = 10.0.40219.1
Project("{FAE04EC0-301F-11D3-BF4B-00C04F79EFBC}") = "The_Cave", "The_Cave\The_Cave.csproj", "{20AE688F-C26A-419D-9DDF-F7BA29F3565F}"
EndProject
Global
	GlobalSection(SolutionConfigurationPlatforms) = preSolution
		Debug|Any CPU = Debug|Any CPU
		Release|Any CPU = Release|Any CPU
	EndGlobalSection
	GlobalSection(ProjectConfigurationPlatforms) = postSolution
		{20AE688F-C26A-419D-9DDF-F7BA29F3565F}.Debug|Any CPU.ActiveCfg = Debug|Any CPU
		{20AE688F-C26A-419D-9DDF-F7BA29F3565F}.Debug|Any CPU.Build.0 = Debug|Any CPU
		{20AE688F-C26A-419D-9DDF-F7BA29F3565F}.Release|Any CPU.ActiveCfg = Release|Any CPU
		{20AE688F-C26A-419D-9DDF-F7BA29F3565F}.Release|Any CPU.Build.0 = Release|Any CPU
	EndGlobalSection
	GlobalSection(SolutionProperties) = preSolution
		HideSolutionNode = FALSE
	EndGlobalSection
	GlobalSection(ExtensibilityGlobals) = postSolution
		SolutionGuid = {C2D6D451-5549-46CD-8DD5-F17CC73F6E3C}
	EndGlobalSection
EndGlobal
